
Microsoft Visual Studio Solution File, Format Version 12.00
# Visual Studio Version 16
VisualStudioVersion = 16.0.28803.202
MinimumVisualStudioVersion = 10.0.40219.1
Project("{9A19103F-16F7-4668-BE54-9A1E7A4F7556}") = "GingerWebServicePlugin", "GingerWebServicePlugin\GingerWebServicePlugin.csproj", "{69491ACA-FDD3-4F26-927C-D7053D050EFF}"
EndProject
Project("{9A19103F-16F7-4668-BE54-9A1E7A4F7556}") = "GingerPluginCore", "..\Ginger\Ginger\GingerPluginCore\GingerPluginCore.csproj", "{4A6578D5-AFED-4042-89E6-644C253C3BBE}"
EndProject
Project("{9A19103F-16F7-4668-BE54-9A1E7A4F7556}") = "GingerPluginPlatforms", "..\Ginger\Ginger\GingerPluginPlatforms\GingerPluginPlatforms.csproj", "{5CF9EA54-914E-4B54-97EE-1A6FFB463BC4}"
EndProject
Project("{9A19103F-16F7-4668-BE54-9A1E7A4F7556}") = "CustomersAPIService", "CustomersAPIService\CustomersAPIService.csproj", "{F9169EE1-11FB-438E-8442-13085E4B9231}"
EndProject
Project("{FAE04EC0-301F-11D3-BF4B-00C04F79EFBC}") = "GingerWebServicePluginTests", "GingerWebServicePluginTests\GingerWebServicePluginTests.csproj", "{4BF74ABE-F908-4BA1-8306-CA9FD96D52B0}"
EndProject
Global
	GlobalSection(SolutionConfigurationPlatforms) = preSolution
		Debug|Any CPU = Debug|Any CPU
		Release|Any CPU = Release|Any CPU
	EndGlobalSection
	GlobalSection(ProjectConfigurationPlatforms) = postSolution
		{69491ACA-FDD3-4F26-927C-D7053D050EFF}.Debug|Any CPU.ActiveCfg = Debug|Any CPU
		{69491ACA-FDD3-4F26-927C-D7053D050EFF}.Debug|Any CPU.Build.0 = Debug|Any CPU
		{69491ACA-FDD3-4F26-927C-D7053D050EFF}.Release|Any CPU.ActiveCfg = Release|Any CPU
		{69491ACA-FDD3-4F26-927C-D7053D050EFF}.Release|Any CPU.Build.0 = Release|Any CPU
		{4A6578D5-AFED-4042-89E6-644C253C3BBE}.Debug|Any CPU.ActiveCfg = Debug|Any CPU
		{4A6578D5-AFED-4042-89E6-644C253C3BBE}.Debug|Any CPU.Build.0 = Debug|Any CPU
		{4A6578D5-AFED-4042-89E6-644C253C3BBE}.Release|Any CPU.ActiveCfg = Release|Any CPU
		{4A6578D5-AFED-4042-89E6-644C253C3BBE}.Release|Any CPU.Build.0 = Release|Any CPU
		{5CF9EA54-914E-4B54-97EE-1A6FFB463BC4}.Debug|Any CPU.ActiveCfg = Debug|Any CPU
		{5CF9EA54-914E-4B54-97EE-1A6FFB463BC4}.Debug|Any CPU.Build.0 = Debug|Any CPU
		{5CF9EA54-914E-4B54-97EE-1A6FFB463BC4}.Release|Any CPU.ActiveCfg = Release|Any CPU
		{5CF9EA54-914E-4B54-97EE-1A6FFB463BC4}.Release|Any CPU.Build.0 = Release|Any CPU
		{F9169EE1-11FB-438E-8442-13085E4B9231}.Debug|Any CPU.ActiveCfg = Debug|Any CPU
		{F9169EE1-11FB-438E-8442-13085E4B9231}.Debug|Any CPU.Build.0 = Debug|Any CPU
		{F9169EE1-11FB-438E-8442-13085E4B9231}.Release|Any CPU.ActiveCfg = Release|Any CPU
		{F9169EE1-11FB-438E-8442-13085E4B9231}.Release|Any CPU.Build.0 = Release|Any CPU
		{4BF74ABE-F908-4BA1-8306-CA9FD96D52B0}.Debug|Any CPU.ActiveCfg = Debug|Any CPU
		{4BF74ABE-F908-4BA1-8306-CA9FD96D52B0}.Debug|Any CPU.Build.0 = Debug|Any CPU
		{4BF74ABE-F908-4BA1-8306-CA9FD96D52B0}.Release|Any CPU.ActiveCfg = Release|Any CPU
		{4BF74ABE-F908-4BA1-8306-CA9FD96D52B0}.Release|Any CPU.Build.0 = Release|Any CPU
	EndGlobalSection
	GlobalSection(SolutionProperties) = preSolution
		HideSolutionNode = FALSE
	EndGlobalSection
	GlobalSection(ExtensibilityGlobals) = postSolution
		SolutionGuid = {F4529579-4E3E-4F9D-9A9D-548401E2F1FE}
	EndGlobalSection
EndGlobal
