
Microsoft Visual Studio Solution File, Format Version 12.00
# Visual Studio 15
VisualStudioVersion = 15.0.28010.2046
MinimumVisualStudioVersion = 10.0.40219.1
Project("{9A19103F-16F7-4668-BE54-9A1E7A4F7556}") = "GingerWebServicePluginConsole", "GingerWebServicePluginConsole\GingerWebServicePluginConsole.csproj", "{DD71E74F-9407-4E34-9AB0-1C9DBFFAD65B}"
EndProject
Project("{9A19103F-16F7-4668-BE54-9A1E7A4F7556}") = "GingerWebServicePluginTest", "GingerWebServicePluginTest\GingerWebServicePluginTest.csproj", "{38346DF9-728E-4C14-B8DB-AC7A56E28C58}"
EndProject
Project("{9A19103F-16F7-4668-BE54-9A1E7A4F7556}") = "CustomersAPIService", "CustomersAPIService\CustomersAPIService.csproj", "{CAF8CFAB-311B-47C2-814C-8ACB7FFBDBF7}"
EndProject
Global
	GlobalSection(SolutionConfigurationPlatforms) = preSolution
		Debug|Any CPU = Debug|Any CPU
		Release|Any CPU = Release|Any CPU
	EndGlobalSection
	GlobalSection(ProjectConfigurationPlatforms) = postSolution
		{DD71E74F-9407-4E34-9AB0-1C9DBFFAD65B}.Debug|Any CPU.ActiveCfg = Debug|Any CPU
		{DD71E74F-9407-4E34-9AB0-1C9DBFFAD65B}.Debug|Any CPU.Build.0 = Debug|Any CPU
		{DD71E74F-9407-4E34-9AB0-1C9DBFFAD65B}.Release|Any CPU.ActiveCfg = Release|Any CPU
		{DD71E74F-9407-4E34-9AB0-1C9DBFFAD65B}.Release|Any CPU.Build.0 = Release|Any CPU
		{38346DF9-728E-4C14-B8DB-AC7A56E28C58}.Debug|Any CPU.ActiveCfg = Debug|Any CPU
		{38346DF9-728E-4C14-B8DB-AC7A56E28C58}.Debug|Any CPU.Build.0 = Debug|Any CPU
		{38346DF9-728E-4C14-B8DB-AC7A56E28C58}.Release|Any CPU.ActiveCfg = Release|Any CPU
		{38346DF9-728E-4C14-B8DB-AC7A56E28C58}.Release|Any CPU.Build.0 = Release|Any CPU
		{CAF8CFAB-311B-47C2-814C-8ACB7FFBDBF7}.Debug|Any CPU.ActiveCfg = Debug|Any CPU
		{CAF8CFAB-311B-47C2-814C-8ACB7FFBDBF7}.Debug|Any CPU.Build.0 = Debug|Any CPU
		{CAF8CFAB-311B-47C2-814C-8ACB7FFBDBF7}.Release|Any CPU.ActiveCfg = Release|Any CPU
		{CAF8CFAB-311B-47C2-814C-8ACB7FFBDBF7}.Release|Any CPU.Build.0 = Release|Any CPU
	EndGlobalSection
	GlobalSection(SolutionProperties) = preSolution
		HideSolutionNode = FALSE
	EndGlobalSection
	GlobalSection(ExtensibilityGlobals) = postSolution
		SolutionGuid = {F4529579-4E3E-4F9D-9A9D-548401E2F1FE}
	EndGlobalSection
EndGlobal
